PODS:
  - a_bridge (0.0.1):
    - Flutter
  - Flutter (1.0.0)

DEPENDENCIES:
  - a_bridge (from `.symlinks/plugins/a_bridge/ios`)
  - Flutter (from `Flutter`)

EXTERNAL SOURCES:
  a_bridge:
    :path: ".symlinks/plugins/a_bridge/ios"
  Flutter:
    :path: Flutter

SPEC CHECKSUMS:
  a_bridge: f7ad97079e92a71f40963361c683c33101194b96
  Flutter: cabc95a1d2626b1b06e7179b784ebcf0c0cde467

PODFILE CHECKSUM: 4f1c12611da7338d21589c0b2ecd6bd20b109694

COCOAPODS: 1.17.0
